
Microsoft Visual Studio Solution File, Format Version 12.00
# Visual Studio 15
VisualStudioVersion = 15.0.26730.15
MinimumVisualStudioVersion = 10.0.40219.1
Project("{FAE04EC0-301F-11D3-BF4B-00C04F79EFBC}") = "Ymf825", "Ymf825\Ymf825.csproj", "{7B92175F-EDAF-42BF-88A7-D113C1C40AFF}"
EndProject
Project("{FAE04EC0-301F-11D3-BF4B-00C04F79EFBC}") = "ConsoleTestApp", "ConsoleTestApp\ConsoleTestApp.csproj", "{D42202FF-F8E3-4E37-BD10-C002A1AC39D6}"
EndProject
Project("{9A19103F-16F7-4668-BE54-9A1E7A4F7556}") = "Ymf825.WiringPi", "Ymf825.WiringPi\Ymf825.WiringPi.csproj", "{86B23AB5-31BE-4289-903B-476D313EA6CC}"
EndProject
Project("{9A19103F-16F7-4668-BE54-9A1E7A4F7556}") = "ConsoleTestAppRaspberryPi", "ConsoleTestAppRaspberryPi\ConsoleTestAppRaspberryPi.csproj", "{4AC5A44C-ACE6-47CC-B09D-4CF258EEAF1E}"
EndProject
Project("{9A19103F-16F7-4668-BE54-9A1E7A4F7556}") = "Ymf825.Pigpio", "Ymf825.Pigpio\Ymf825.Pigpio.csproj", "{00507258-32D6-4F13-BD75-3A00A43A7A15}"
EndProject
Project("{9A19103F-16F7-4668-BE54-9A1E7A4F7556}") = "Pigpio", "Pigpio\Pigpio.csproj", "{58449D06-11EA-441F-BCED-9182E24E91C0}"
EndProject
Project("{FAE04EC0-301F-11D3-BF4B-00C04F79EFBC}") = "Pigpio.Socket", "Pigpio.Socket\Pigpio.Socket.csproj", "{352E3646-BA87-4FCD-A712-6209FEDEDC82}"
EndProject
Project("{FAE04EC0-301F-11D3-BF4B-00C04F79EFBC}") = "Pigpio.Native", "Pigpio.Native\Pigpio.Native.csproj", "{4575AB6C-8E34-4592-A681-1B8F28113995}"
EndProject
Global
	GlobalSection(SolutionConfigurationPlatforms) = preSolution
		Debug|Any CPU = Debug|Any CPU
		Release|Any CPU = Release|Any CPU
	EndGlobalSection
	GlobalSection(ProjectConfigurationPlatforms) = postSolution
		{7B92175F-EDAF-42BF-88A7-D113C1C40AFF}.Debug|Any CPU.ActiveCfg = Debug|Any CPU
		{7B92175F-EDAF-42BF-88A7-D113C1C40AFF}.Debug|Any CPU.Build.0 = Debug|Any CPU
		{7B92175F-EDAF-42BF-88A7-D113C1C40AFF}.Release|Any CPU.ActiveCfg = Release|Any CPU
		{7B92175F-EDAF-42BF-88A7-D113C1C40AFF}.Release|Any CPU.Build.0 = Release|Any CPU
		{D42202FF-F8E3-4E37-BD10-C002A1AC39D6}.Debug|Any CPU.ActiveCfg = Debug|Any CPU
		{D42202FF-F8E3-4E37-BD10-C002A1AC39D6}.Debug|Any CPU.Build.0 = Debug|Any CPU
		{D42202FF-F8E3-4E37-BD10-C002A1AC39D6}.Release|Any CPU.ActiveCfg = Release|Any CPU
		{D42202FF-F8E3-4E37-BD10-C002A1AC39D6}.Release|Any CPU.Build.0 = Release|Any CPU
		{86B23AB5-31BE-4289-903B-476D313EA6CC}.Debug|Any CPU.ActiveCfg = Debug|Any CPU
		{86B23AB5-31BE-4289-903B-476D313EA6CC}.Debug|Any CPU.Build.0 = Debug|Any CPU
		{86B23AB5-31BE-4289-903B-476D313EA6CC}.Release|Any CPU.ActiveCfg = Release|Any CPU
		{86B23AB5-31BE-4289-903B-476D313EA6CC}.Release|Any CPU.Build.0 = Release|Any CPU
		{4AC5A44C-ACE6-47CC-B09D-4CF258EEAF1E}.Debug|Any CPU.ActiveCfg = Debug|Any CPU
		{4AC5A44C-ACE6-47CC-B09D-4CF258EEAF1E}.Debug|Any CPU.Build.0 = Debug|Any CPU
		{4AC5A44C-ACE6-47CC-B09D-4CF258EEAF1E}.Release|Any CPU.ActiveCfg = Release|Any CPU
		{4AC5A44C-ACE6-47CC-B09D-4CF258EEAF1E}.Release|Any CPU.Build.0 = Release|Any CPU
		{00507258-32D6-4F13-BD75-3A00A43A7A15}.Debug|Any CPU.ActiveCfg = Debug|Any CPU
		{00507258-32D6-4F13-BD75-3A00A43A7A15}.Debug|Any CPU.Build.0 = Debug|Any CPU
		{00507258-32D6-4F13-BD75-3A00A43A7A15}.Release|Any CPU.ActiveCfg = Release|Any CPU
		{00507258-32D6-4F13-BD75-3A00A43A7A15}.Release|Any CPU.Build.0 = Release|Any CPU
		{58449D06-11EA-441F-BCED-9182E24E91C0}.Debug|Any CPU.ActiveCfg = Debug|Any CPU
		{58449D06-11EA-441F-BCED-9182E24E91C0}.Debug|Any CPU.Build.0 = Debug|Any CPU
		{58449D06-11EA-441F-BCED-9182E24E91C0}.Release|Any CPU.ActiveCfg = Release|Any CPU
		{58449D06-11EA-441F-BCED-9182E24E91C0}.Release|Any CPU.Build.0 = Release|Any CPU
		{352E3646-BA87-4FCD-A712-6209FEDEDC82}.Debug|Any CPU.ActiveCfg = Debug|Any CPU
		{352E3646-BA87-4FCD-A712-6209FEDEDC82}.Debug|Any CPU.Build.0 = Debug|Any CPU
		{352E3646-BA87-4FCD-A712-6209FEDEDC82}.Release|Any CPU.ActiveCfg = Release|Any CPU
		{352E3646-BA87-4FCD-A712-6209FEDEDC82}.Release|Any CPU.Build.0 = Release|Any CPU
		{4575AB6C-8E34-4592-A681-1B8F28113995}.Debug|Any CPU.ActiveCfg = Debug|Any CPU
		{4575AB6C-8E34-4592-A681-1B8F28113995}.Debug|Any CPU.Build.0 = Debug|Any CPU
		{4575AB6C-8E34-4592-A681-1B8F28113995}.Release|Any CPU.ActiveCfg = Release|Any CPU
		{4575AB6C-8E34-4592-A681-1B8F28113995}.Release|Any CPU.Build.0 = Release|Any CPU
	EndGlobalSection
	GlobalSection(SolutionProperties) = preSolution
		HideSolutionNode = FALSE
	EndGlobalSection
	GlobalSection(ExtensibilityGlobals) = postSolution
		SolutionGuid = {DD4B77EF-5DE9-4583-A909-1087D738CFAF}
	EndGlobalSection
EndGlobal
